
Microsoft Visual Studio Solution File, Format Version 10.00
# Visual Studio 2008
Project("{FAE04EC0-301F-11D3-BF4B-00C04F79EFBC}") = "Scripter", "Scripter\Scripter.csproj", "{5DE93239-E543-4372-88F9-7EBB01D10373}"
EndProject
Global
	GlobalSection(SolutionConfigurationPlatforms) = preSolution
		Debug|Any CPU = Debug|Any CPU
		Release|Any CPU = Release|Any CPU
	EndGlobalSection
	GlobalSection(ProjectConfigurationPlatforms) = postSolution
		{5DE93239-E543-4372-88F9-7EBB01D10373}.Debug|Any CPU.ActiveCfg = Debug|Any CPU
		{5DE93239-E543-4372-88F9-7EBB01D10373}.Debug|Any CPU.Build.0 = Debug|Any CPU
		{5DE93239-E543-4372-88F9-7EBB01D10373}.Release|Any CPU.ActiveCfg = Release|Any CPU
		{5DE93239-E543-4372-88F9-7EBB01D10373}.Release|Any CPU.Build.0 = Release|Any CPU
	EndGlobalSection
	GlobalSection(SolutionProperties) = preSolution
		HideSolutionNode = FALSE
	EndGlobalSection
EndGlobal
